<?xml version="1.0" encoding="utf-8"?>
<Project ToolsVersion="4.0" xmlns="http://schemas.microsoft.com/developer/msbuild/2003">
  <ItemGroup>
    <Filter Include="Source Files">
      <UniqueIdentifier>{4FC737F1-C7A5-4376-A066-2A32D752A2FF}</UniqueIdentifier>
      <Extensions>cpp;c;cc;cxx;def;odl;idl;hpj;bat;asm;asmx</Extensions>
    </Filter>
    <Filter Include="Header Files">
      <UniqueIdentifier>{93995380-89BD-4b04-88EB-625FBE52EBFB}</UniqueIdentifier>
      <Extensions>h;hh;hpp;hxx;hm;inl;inc;xsd</Extensions>
    </Filter>
    <Filter Include="Resource Files">
      <UniqueIdentifier>{67DA6AB6-F800-4c08-8B7A-83BB121AAD01}</UniqueIdentifier>
      <Extensions>rc;ico;cur;bmp;dlg;rc2;rct;bin;rgs;gif;jpg;jpeg;jpe;resx;tiff;tif;png;wav;mfcribbon-ms</Extensions>
    </Filter>
  </ItemGroup>
  <ItemGroup>
    <Text Include="ReadMe.txt" />
  </ItemGroup>
  <ItemGroup>
    <ClInclude Include="stdafx.h">
      <Filter>Header Files</Filter>
    </ClInclude>
    <ClInclude Include="targetver.h">
      <Filter>Header Files</Filter>
    </ClInclude>
    <ClInclude Include="ViewerManager.h">
      <Filter>Header Files</Filter>
    </ClInclude>
    <ClInclude Include="EnumManager.h">
      <Filter>Header Files</Filter>
    </ClInclude>
    <ClInclude Include="FGlobalData.h">
      <Filter>Header Files</Filter>
    </ClInclude>
    <ClInclude Include="AuxiliaryViewUpdater.h">
      <Filter>Header Files</Filter>
    </ClInclude>
    <ClInclude Include="ViewController.h">
      <Filter>Header Files</Filter>
    </ClInclude>
    <ClInclude Include="FileSystemsManager.h">
      <Filter>Header Files</Filter>
    </ClInclude>
    <ClInclude Include="RTransformNode.h">
      <Filter>Header Files</Filter>
    </ClInclude>
    <ClInclude Include="RGeometryNode.h">
      <Filter>Header Files</Filter>
    </ClInclude>
    <ClInclude Include="RNode.h">
      <Filter>Header Files</Filter>
    </ClInclude>
    <ClInclude Include="PickHandler.h">
      <Filter>Header Files</Filter>
    </ClInclude>
    <ClInclude Include="Utilities.h">
      <Filter>Header Files</Filter>
    </ClInclude>
    <ClInclude Include="DraggerManager.h">
      <Filter>Header Files</Filter>
    </ClInclude>
    <ClInclude Include="CalculateBoundingBox.h">
      <Filter>Header Files</Filter>
    </ClInclude>
    <ClInclude Include="SelectionManager.h">
      <Filter>Header Files</Filter>
    </ClInclude>
    <ClInclude Include="ExtraGeometries.h">
      <Filter>Header Files</Filter>
    </ClInclude>
    <ClInclude Include="obj.h">
      <Filter>Header Files</Filter>
    </ClInclude>
    <ClInclude Include="RModelingManager.h">
      <Filter>Header Files</Filter>
    </ClInclude>
    <ClInclude Include="RMaterialManager.h">
      <Filter>Header Files</Filter>
    </ClInclude>
    <ClInclude Include="RCustomDragger.h">
      <Filter>Header Files</Filter>
    </ClInclude>
    <ClInclude Include="RLightsManager.h">
      <Filter>Header Files</Filter>
    </ClInclude>
    <ClInclude Include="RManipulator.h">
      <Filter>Header Files</Filter>
    </ClInclude>
  </ItemGroup>
  <ItemGroup>
    <ClCompile Include="stdafx.cpp">
      <Filter>Source Files</Filter>
    </ClCompile>
    <ClCompile Include="dllmain.cpp">
      <Filter>Source Files</Filter>
    </ClCompile>
    <ClCompile Include="ViewerManager.cpp">
      <Filter>Source Files</Filter>
    </ClCompile>
    <ClCompile Include="FGlobalData.cpp">
      <Filter>Source Files</Filter>
    </ClCompile>
    <ClCompile Include="ViewController.cpp">
      <Filter>Source Files</Filter>
    </ClCompile>
    <ClCompile Include="FileSystemsManager.cpp">
      <Filter>Source Files</Filter>
    </ClCompile>
    <ClCompile Include="RTransformNode.cpp">
      <Filter>Source Files</Filter>
    </ClCompile>
    <ClCompile Include="RGeometryNode.cpp">
      <Filter>Source Files</Filter>
    </ClCompile>
    <ClCompile Include="RNode.cpp">
      <Filter>Source Files</Filter>
    </ClCompile>
    <ClCompile Include="PickHandler.cpp">
      <Filter>Source Files</Filter>
    </ClCompile>
    <ClCompile Include="Utilities.cpp">
      <Filter>Source Files</Filter>
    </ClCompile>
    <ClCompile Include="DraggerManager.cpp">
      <Filter>Source Files</Filter>
    </ClCompile>
    <ClCompile Include="CalculateBoundingBox.cpp">
      <Filter>Source Files</Filter>
    </ClCompile>
    <ClCompile Include="SelectionManager.cpp">
      <Filter>Source Files</Filter>
    </ClCompile>
    <ClCompile Include="ExtraGeometries.cpp">
      <Filter>Source Files</Filter>
    </ClCompile>
    <ClCompile Include="obj.cpp">
      <Filter>Source Files</Filter>
    </ClCompile>
    <ClCompile Include="ReaderWriterOBJ.cpp">
      <Filter>Source Files</Filter>
    </ClCompile>
    <ClCompile Include="RMaterialManager.cpp">
      <Filter>Source Files</Filter>
    </ClCompile>
    <ClCompile Include="RModelingManager.cpp">
      <Filter>Source Files</Filter>
    </ClCompile>
    <ClCompile Include="RCustomDragger.cpp">
      <Filter>Source Files</Filter>
    </ClCompile>
    <ClCompile Include="RFaceDragger.cpp">
      <Filter>Source Files</Filter>
    </ClCompile>
    <ClCompile Include="RLightsManager.cpp">
      <Filter>Source Files</Filter>
    </ClCompile>
    <ClCompile Include="RManipulator.cpp">
      <Filter>Source Files</Filter>
    </ClCompile>
  </ItemGroup>
  <ItemGroup>
    <None Include="gouraud.frag" />
    <None Include="gouraud.vert" />
  </ItemGroup>
</Project>