
Microsoft Visual Studio Solution File, Format Version 12.00
# Visual Studio 14
VisualStudioVersion = 14.0.25123.0
MinimumVisualStudioVersion = 10.0.40219.1
Project("{8BC9CEB8-8B4A-11D0-8D11-00A0C91BC942}") = "ViewerCore", "ViewerCore\ViewerCore.vcxproj", "{E8E85B62-4D33-4322-97E8-22F741802CE6}"
	ProjectSection(ProjectDependencies) = postProject
		{367E230A-C6F3-4369-A6B7-731297314B81} = {367E230A-C6F3-4369-A6B7-731297314B81}
		{43F22697-A81E-47D2-94AC-1094AD6A0C22} = {43F22697-A81E-47D2-94AC-1094AD6A0C22}
	EndProjectSection
EndProject
Project("{FAE04EC0-301F-11D3-BF4B-00C04F79EFBC}") = "ViewerApp", "ViewerApp\ViewerApp.csproj", "{21418F13-73B3-4D9B-B25A-138982ADA3CA}"
	ProjectSection(ProjectDependencies) = postProject
		{E8E85B62-4D33-4322-97E8-22F741802CE6} = {E8E85B62-4D33-4322-97E8-22F741802CE6}
	EndProjectSection
EndProject
Project("{FAE04EC0-301F-11D3-BF4B-00C04F79EFBC}") = "ViewerCommon", "ViewerCommon\ViewerCommon.csproj", "{559A84FF-03C4-4B73-AC36-4D9CA403649E}"
EndProject
Project("{8BC9CEB8-8B4A-11D0-8D11-00A0C91BC942}") = "ViewerInterop", "ViewerInterop\ViewerInterop.vcxproj", "{C6778AF6-83CE-4758-82CC-738172F1EED0}"
	ProjectSection(ProjectDependencies) = postProject
		{E8E85B62-4D33-4322-97E8-22F741802CE6} = {E8E85B62-4D33-4322-97E8-22F741802CE6}
	EndProjectSection
EndProject
Project("{FAE04EC0-301F-11D3-BF4B-00C04F79EFBC}") = "Viewer.Infrastructure", "Viewer.Infrastructure\Viewer.Infrastructure.csproj", "{C5053BB0-50F9-4110-80A9-6FA6E72ABF0D}"
EndProject
Project("{8BC9CEB8-8B4A-11D0-8D11-00A0C91BC942}") = "ViewerDB", "ViewerDB\ViewerDB.vcxproj", "{43F22697-A81E-47D2-94AC-1094AD6A0C22}"
EndProject
Project("{FAE04EC0-301F-11D3-BF4B-00C04F79EFBC}") = "Viewer.Interfaces", "Viewer.Interfaces\Viewer.Interfaces.csproj", "{D9B359C0-25F0-43F0-8BE3-4899FEDF5B8D}"
EndProject
Project("{FAE04EC0-301F-11D3-BF4B-00C04F79EFBC}") = "Viewer.Commands", "Viewer.Commands\Viewer.Commands.csproj", "{D34B2EAE-1516-4839-9B0C-B958CDEC1BC2}"
EndProject
Project("{FAE04EC0-301F-11D3-BF4B-00C04F79EFBC}") = "ViewerGraphicsEditor", "ViewerGraphicsEditor\ViewerGraphicsEditor.csproj", "{2D56B4FE-F8FE-4097-B5DE-A39D4F5C6D1A}"
EndProject
Project("{FAE04EC0-301F-11D3-BF4B-00C04F79EFBC}") = "Viewer.Tools", "Viewer.Tools\Viewer.Tools.csproj", "{94DCFC9A-CB33-44CE-B7CB-DEE933B9D629}"
EndProject
Project("{FAE04EC0-301F-11D3-BF4B-00C04F79EFBC}") = "Viewer.AdvancedTypes", "Viewer.AdvancedTypes\Viewer.AdvancedTypes.csproj", "{031DA32B-AE5E-46BF-8FE0-F109AE9C42D4}"
EndProject
Project("{8BC9CEB8-8B4A-11D0-8D11-00A0C91BC942}") = "R3DIntelligentObjects", "R3DIntelligentObjects\R3DIntelligentObjects.vcxproj", "{B44DF17F-C600-4713-B3CC-6FAED508D35A}"
	ProjectSection(ProjectDependencies) = postProject
		{E8E85B62-4D33-4322-97E8-22F741802CE6} = {E8E85B62-4D33-4322-97E8-22F741802CE6}
	EndProjectSection
EndProject
Project("{8BC9CEB8-8B4A-11D0-8D11-00A0C91BC942}") = "R3DIOInterop", "R3DIOInterop\R3DIOInterop.vcxproj", "{8D6A6272-C6A7-4C72-B9DF-AAA325AF5D33}"
	ProjectSection(ProjectDependencies) = postProject
		{B44DF17F-C600-4713-B3CC-6FAED508D35A} = {B44DF17F-C600-4713-B3CC-6FAED508D35A}
	EndProjectSection
EndProject
Project("{FAE04EC0-301F-11D3-BF4B-00C04F79EFBC}") = "R3D.IOTools", "R3D.IOTools\R3D.IOTools.csproj", "{FC7A80CA-DBD6-4D43-81FF-FBBF1C9F4C1C}"
EndProject
Project("{2150E333-8FDC-42A3-9474-1A3956D46DE8}") = "Installer", "Installer", "{9BD8B92E-338A-49D7-8664-C2C283F76087}"
EndProject
Project("{6141683F-8A12-4E36-9623-2EB02B2C2303}") = "R3D World", "R3D World\R3D World.isproj", "{C0737C02-3F92-45EC-BBC0-43B737B19648}"
EndProject
Project("{54435603-DBB4-11D2-8724-00A0C9A8B90C}") = "R3D_World", "R3D_World\R3D_World.vdproj", "{9BCAA5DC-64D2-43B0-8A32-110346B52313}"
EndProject
Project("{8BC9CEB8-8B4A-11D0-8D11-00A0C91BC942}") = "R3DGeom", "R3DGeom\R3DGeom.vcxproj", "{367E230A-C6F3-4369-A6B7-731297314B81}"
EndProject
Project("{2150E333-8FDC-42A3-9474-1A3956D46DE8}") = "Uml", "Uml", "{3AA686B3-6EFA-42FF-A7B0-E2A613BC9FB3}"
EndProject
Project("{F088123C-0E9E-452A-89E6-6BA2F21D5CAC}") = "RGeometryUML", "RGeometryUML\RGeometryUML.modelproj", "{F4DB8C7D-439D-4742-A23A-1F2BF79FF6C9}"
EndProject
Global
	GlobalSection(SolutionConfigurationPlatforms) = preSolution
		CD_ROM|Any CPU = CD_ROM|Any CPU
		CD_ROM|x64 = CD_ROM|x64
		CD_ROM|x86 = CD_ROM|x86
		Debug|Any CPU = Debug|Any CPU
		Debug|x64 = Debug|x64
		Debug|x86 = Debug|x86
		DVD-5|Any CPU = DVD-5|Any CPU
		DVD-5|x64 = DVD-5|x64
		DVD-5|x86 = DVD-5|x86
		Release|Any CPU = Release|Any CPU
		Release|x64 = Release|x64
		Release|x86 = Release|x86
		SingleImage|Any CPU = SingleImage|Any CPU
		SingleImage|x64 = SingleImage|x64
		SingleImage|x86 = SingleImage|x86
	EndGlobalSection
	GlobalSection(ProjectConfigurationPlatforms) = postSolution
		{E8E85B62-4D33-4322-97E8-22F741802CE6}.CD_ROM|Any CPU.ActiveCfg = Release|x64
		{E8E85B62-4D33-4322-97E8-22F741802CE6}.CD_ROM|Any CPU.Build.0 = Release|x64
		{E8E85B62-4D33-4322-97E8-22F741802CE6}.CD_ROM|x64.ActiveCfg = Release|x64
		{E8E85B62-4D33-4322-97E8-22F741802CE6}.CD_ROM|x64.Build.0 = Release|x64
		{E8E85B62-4D33-4322-97E8-22F741802CE6}.CD_ROM|x86.ActiveCfg = Release|Win32
		{E8E85B62-4D33-4322-97E8-22F741802CE6}.CD_ROM|x86.Build.0 = Release|Win32
		{E8E85B62-4D33-4322-97E8-22F741802CE6}.Debug|Any CPU.ActiveCfg = Debug|Win32
		{E8E85B62-4D33-4322-97E8-22F741802CE6}.Debug|x64.ActiveCfg = Debug|x64
		{E8E85B62-4D33-4322-97E8-22F741802CE6}.Debug|x86.ActiveCfg = Debug|Win32
		{E8E85B62-4D33-4322-97E8-22F741802CE6}.Debug|x86.Build.0 = Debug|Win32
		{E8E85B62-4D33-4322-97E8-22F741802CE6}.DVD-5|Any CPU.ActiveCfg = Release|x64
		{E8E85B62-4D33-4322-97E8-22F741802CE6}.DVD-5|Any CPU.Build.0 = Release|x64
		{E8E85B62-4D33-4322-97E8-22F741802CE6}.DVD-5|x64.ActiveCfg = Debug|x64
		{E8E85B62-4D33-4322-97E8-22F741802CE6}.DVD-5|x64.Build.0 = Debug|x64
		{E8E85B62-4D33-4322-97E8-22F741802CE6}.DVD-5|x86.ActiveCfg = Debug|Win32
		{E8E85B62-4D33-4322-97E8-22F741802CE6}.DVD-5|x86.Build.0 = Debug|Win32
		{E8E85B62-4D33-4322-97E8-22F741802CE6}.Release|Any CPU.ActiveCfg = Release|Win32
		{E8E85B62-4D33-4322-97E8-22F741802CE6}.Release|x64.ActiveCfg = Release|x64
		{E8E85B62-4D33-4322-97E8-22F741802CE6}.Release|x64.Build.0 = Release|x64
		{E8E85B62-4D33-4322-97E8-22F741802CE6}.Release|x86.ActiveCfg = Release|Win32
		{E8E85B62-4D33-4322-97E8-22F741802CE6}.Release|x86.Build.0 = Release|Win32
		{E8E85B62-4D33-4322-97E8-22F741802CE6}.SingleImage|Any CPU.ActiveCfg = Release|x64
		{E8E85B62-4D33-4322-97E8-22F741802CE6}.SingleImage|Any CPU.Build.0 = Release|x64
		{E8E85B62-4D33-4322-97E8-22F741802CE6}.SingleImage|x64.ActiveCfg = Release|x64
		{E8E85B62-4D33-4322-97E8-22F741802CE6}.SingleImage|x64.Build.0 = Release|x64
		{E8E85B62-4D33-4322-97E8-22F741802CE6}.SingleImage|x86.ActiveCfg = Release|Win32
		{E8E85B62-4D33-4322-97E8-22F741802CE6}.SingleImage|x86.Build.0 = Release|Win32
		{21418F13-73B3-4D9B-B25A-138982ADA3CA}.CD_ROM|Any CPU.ActiveCfg = Release|Any CPU
		{21418F13-73B3-4D9B-B25A-138982ADA3CA}.CD_ROM|Any CPU.Build.0 = Release|Any CPU
		{21418F13-73B3-4D9B-B25A-138982ADA3CA}.CD_ROM|x64.ActiveCfg = Release|x64
		{21418F13-73B3-4D9B-B25A-138982ADA3CA}.CD_ROM|x64.Build.0 = Release|x64
		{21418F13-73B3-4D9B-B25A-138982ADA3CA}.CD_ROM|x86.ActiveCfg = Release|Any CPU
		{21418F13-73B3-4D9B-B25A-138982ADA3CA}.CD_ROM|x86.Build.0 = Release|Any CPU
		{21418F13-73B3-4D9B-B25A-138982ADA3CA}.Debug|Any CPU.ActiveCfg = Debug|Any CPU
		{21418F13-73B3-4D9B-B25A-138982ADA3CA}.Debug|Any CPU.Build.0 = Debug|Any CPU
		{21418F13-73B3-4D9B-B25A-138982ADA3CA}.Debug|x64.ActiveCfg = Debug|x64
		{21418F13-73B3-4D9B-B25A-138982ADA3CA}.Debug|x64.Build.0 = Debug|x64
		{21418F13-73B3-4D9B-B25A-138982ADA3CA}.Debug|x86.ActiveCfg = Debug|Any CPU
		{21418F13-73B3-4D9B-B25A-138982ADA3CA}.Debug|x86.Build.0 = Debug|Any CPU
		{21418F13-73B3-4D9B-B25A-138982ADA3CA}.DVD-5|Any CPU.ActiveCfg = Debug|Any CPU
		{21418F13-73B3-4D9B-B25A-138982ADA3CA}.DVD-5|Any CPU.Build.0 = Debug|Any CPU
		{21418F13-73B3-4D9B-B25A-138982ADA3CA}.DVD-5|x64.ActiveCfg = Debug|x64
		{21418F13-73B3-4D9B-B25A-138982ADA3CA}.DVD-5|x64.Build.0 = Debug|x64
		{21418F13-73B3-4D9B-B25A-138982ADA3CA}.DVD-5|x86.ActiveCfg = Debug|Any CPU
		{21418F13-73B3-4D9B-B25A-138982ADA3CA}.DVD-5|x86.Build.0 = Debug|Any CPU
		{21418F13-73B3-4D9B-B25A-138982ADA3CA}.Release|Any CPU.ActiveCfg = Release|Any CPU
		{21418F13-73B3-4D9B-B25A-138982ADA3CA}.Release|Any CPU.Build.0 = Release|Any CPU
		{21418F13-73B3-4D9B-B25A-138982ADA3CA}.Release|x64.ActiveCfg = Release|Any CPU
		{21418F13-73B3-4D9B-B25A-138982ADA3CA}.Release|x64.Build.0 = Release|Any CPU
		{21418F13-73B3-4D9B-B25A-138982ADA3CA}.Release|x86.ActiveCfg = Release|Any CPU
		{21418F13-73B3-4D9B-B25A-138982ADA3CA}.Release|x86.Build.0 = Release|Any CPU
		{21418F13-73B3-4D9B-B25A-138982ADA3CA}.SingleImage|Any CPU.ActiveCfg = Release|Any CPU
		{21418F13-73B3-4D9B-B25A-138982ADA3CA}.SingleImage|Any CPU.Build.0 = Release|Any CPU
		{21418F13-73B3-4D9B-B25A-138982ADA3CA}.SingleImage|x64.ActiveCfg = Release|x64
		{21418F13-73B3-4D9B-B25A-138982ADA3CA}.SingleImage|x64.Build.0 = Release|x64
		{21418F13-73B3-4D9B-B25A-138982ADA3CA}.SingleImage|x86.ActiveCfg = Release|Any CPU
		{21418F13-73B3-4D9B-B25A-138982ADA3CA}.SingleImage|x86.Build.0 = Release|Any CPU
		{559A84FF-03C4-4B73-AC36-4D9CA403649E}.CD_ROM|Any CPU.ActiveCfg = Release|Any CPU
		{559A84FF-03C4-4B73-AC36-4D9CA403649E}.CD_ROM|Any CPU.Build.0 = Release|Any CPU
		{559A84FF-03C4-4B73-AC36-4D9CA403649E}.CD_ROM|x64.ActiveCfg = Release|x64
		{559A84FF-03C4-4B73-AC36-4D9CA403649E}.CD_ROM|x64.Build.0 = Release|x64
		{559A84FF-03C4-4B73-AC36-4D9CA403649E}.CD_ROM|x86.ActiveCfg = Release|Any CPU
		{559A84FF-03C4-4B73-AC36-4D9CA403649E}.CD_ROM|x86.Build.0 = Release|Any CPU
		{559A84FF-03C4-4B73-AC36-4D9CA403649E}.Debug|Any CPU.ActiveCfg = Debug|Any CPU
		{559A84FF-03C4-4B73-AC36-4D9CA403649E}.Debug|Any CPU.Build.0 = Debug|Any CPU
		{559A84FF-03C4-4B73-AC36-4D9CA403649E}.Debug|x64.ActiveCfg = Debug|x64
		{559A84FF-03C4-4B73-AC36-4D9CA403649E}.Debug|x64.Build.0 = Debug|x64
		{559A84FF-03C4-4B73-AC36-4D9CA403649E}.Debug|x86.ActiveCfg = Debug|Any CPU
		{559A84FF-03C4-4B73-AC36-4D9CA403649E}.Debug|x86.Build.0 = Debug|Any CPU
		{559A84FF-03C4-4B73-AC36-4D9CA403649E}.DVD-5|Any CPU.ActiveCfg = Debug|Any CPU
		{559A84FF-03C4-4B73-AC36-4D9CA403649E}.DVD-5|Any CPU.Build.0 = Debug|Any CPU
		{559A84FF-03C4-4B73-AC36-4D9CA403649E}.DVD-5|x64.ActiveCfg = Debug|x64
		{559A84FF-03C4-4B73-AC36-4D9CA403649E}.DVD-5|x64.Build.0 = Debug|x64
		{559A84FF-03C4-4B73-AC36-4D9CA403649E}.DVD-5|x86.ActiveCfg = Debug|Any CPU
		{559A84FF-03C4-4B73-AC36-4D9CA403649E}.DVD-5|x86.Build.0 = Debug|Any CPU
		{559A84FF-03C4-4B73-AC36-4D9CA403649E}.Release|Any CPU.ActiveCfg = Release|Any CPU
		{559A84FF-03C4-4B73-AC36-4D9CA403649E}.Release|Any CPU.Build.0 = Release|Any CPU
		{559A84FF-03C4-4B73-AC36-4D9CA403649E}.Release|x64.ActiveCfg = Release|Any CPU
		{559A84FF-03C4-4B73-AC36-4D9CA403649E}.Release|x64.Build.0 = Release|Any CPU
		{559A84FF-03C4-4B73-AC36-4D9CA403649E}.Release|x86.ActiveCfg = Release|Any CPU
		{559A84FF-03C4-4B73-AC36-4D9CA403649E}.Release|x86.Build.0 = Release|Any CPU
		{559A84FF-03C4-4B73-AC36-4D9CA403649E}.SingleImage|Any CPU.ActiveCfg = Release|Any CPU
		{559A84FF-03C4-4B73-AC36-4D9CA403649E}.SingleImage|Any CPU.Build.0 = Release|Any CPU
		{559A84FF-03C4-4B73-AC36-4D9CA403649E}.SingleImage|x64.ActiveCfg = Release|x64
		{559A84FF-03C4-4B73-AC36-4D9CA403649E}.SingleImage|x64.Build.0 = Release|x64
		{559A84FF-03C4-4B73-AC36-4D9CA403649E}.SingleImage|x86.ActiveCfg = Release|Any CPU
		{559A84FF-03C4-4B73-AC36-4D9CA403649E}.SingleImage|x86.Build.0 = Release|Any CPU
		{C6778AF6-83CE-4758-82CC-738172F1EED0}.CD_ROM|Any CPU.ActiveCfg = Release|x64
		{C6778AF6-83CE-4758-82CC-738172F1EED0}.CD_ROM|Any CPU.Build.0 = Release|x64
		{C6778AF6-83CE-4758-82CC-738172F1EED0}.CD_ROM|x64.ActiveCfg = Release|x64
		{C6778AF6-83CE-4758-82CC-738172F1EED0}.CD_ROM|x64.Build.0 = Release|x64
		{C6778AF6-83CE-4758-82CC-738172F1EED0}.CD_ROM|x86.ActiveCfg = Release|Win32
		{C6778AF6-83CE-4758-82CC-738172F1EED0}.CD_ROM|x86.Build.0 = Release|Win32
		{C6778AF6-83CE-4758-82CC-738172F1EED0}.Debug|Any CPU.ActiveCfg = Debug|Win32
		{C6778AF6-83CE-4758-82CC-738172F1EED0}.Debug|x64.ActiveCfg = Debug|x64
		{C6778AF6-83CE-4758-82CC-738172F1EED0}.Debug|x86.ActiveCfg = Debug|Win32
		{C6778AF6-83CE-4758-82CC-738172F1EED0}.Debug|x86.Build.0 = Debug|Win32
		{C6778AF6-83CE-4758-82CC-738172F1EED0}.DVD-5|Any CPU.ActiveCfg = Release|x64
		{C6778AF6-83CE-4758-82CC-738172F1EED0}.DVD-5|Any CPU.Build.0 = Release|x64
		{C6778AF6-83CE-4758-82CC-738172F1EED0}.DVD-5|x64.ActiveCfg = Debug|x64
		{C6778AF6-83CE-4758-82CC-738172F1EED0}.DVD-5|x64.Build.0 = Debug|x64
		{C6778AF6-83CE-4758-82CC-738172F1EED0}.DVD-5|x86.ActiveCfg = Debug|Win32
		{C6778AF6-83CE-4758-82CC-738172F1EED0}.DVD-5|x86.Build.0 = Debug|Win32
		{C6778AF6-83CE-4758-82CC-738172F1EED0}.Release|Any CPU.ActiveCfg = Release|Win32
		{C6778AF6-83CE-4758-82CC-738172F1EED0}.Release|x64.ActiveCfg = Release|x64
		{C6778AF6-83CE-4758-82CC-738172F1EED0}.Release|x64.Build.0 = Release|x64
		{C6778AF6-83CE-4758-82CC-738172F1EED0}.Release|x86.ActiveCfg = Release|Win32
		{C6778AF6-83CE-4758-82CC-738172F1EED0}.Release|x86.Build.0 = Release|Win32
		{C6778AF6-83CE-4758-82CC-738172F1EED0}.SingleImage|Any CPU.ActiveCfg = Release|x64
		{C6778AF6-83CE-4758-82CC-738172F1EED0}.SingleImage|Any CPU.Build.0 = Release|x64
		{C6778AF6-83CE-4758-82CC-738172F1EED0}.SingleImage|x64.ActiveCfg = Release|x64
		{C6778AF6-83CE-4758-82CC-738172F1EED0}.SingleImage|x64.Build.0 = Release|x64
		{C6778AF6-83CE-4758-82CC-738172F1EED0}.SingleImage|x86.ActiveCfg = Release|Win32
		{C6778AF6-83CE-4758-82CC-738172F1EED0}.SingleImage|x86.Build.0 = Release|Win32
		{C5053BB0-50F9-4110-80A9-6FA6E72ABF0D}.CD_ROM|Any CPU.ActiveCfg = Release|Any CPU
		{C5053BB0-50F9-4110-80A9-6FA6E72ABF0D}.CD_ROM|Any CPU.Build.0 = Release|Any CPU
		{C5053BB0-50F9-4110-80A9-6FA6E72ABF0D}.CD_ROM|x64.ActiveCfg = Release|Any CPU
		{C5053BB0-50F9-4110-80A9-6FA6E72ABF0D}.CD_ROM|x64.Build.0 = Release|Any CPU
		{C5053BB0-50F9-4110-80A9-6FA6E72ABF0D}.CD_ROM|x86.ActiveCfg = Release|Any CPU
		{C5053BB0-50F9-4110-80A9-6FA6E72ABF0D}.CD_ROM|x86.Build.0 = Release|Any CPU
		{C5053BB0-50F9-4110-80A9-6FA6E72ABF0D}.Debug|Any CPU.ActiveCfg = Debug|Any CPU
		{C5053BB0-50F9-4110-80A9-6FA6E72ABF0D}.Debug|Any CPU.Build.0 = Debug|Any CPU
		{C5053BB0-50F9-4110-80A9-6FA6E72ABF0D}.Debug|x64.ActiveCfg = Debug|Any CPU
		{C5053BB0-50F9-4110-80A9-6FA6E72ABF0D}.Debug|x64.Build.0 = Debug|Any CPU
		{C5053BB0-50F9-4110-80A9-6FA6E72ABF0D}.Debug|x86.ActiveCfg = Debug|Any CPU
		{C5053BB0-50F9-4110-80A9-6FA6E72ABF0D}.Debug|x86.Build.0 = Debug|Any CPU
		{C5053BB0-50F9-4110-80A9-6FA6E72ABF0D}.DVD-5|Any CPU.ActiveCfg = Debug|Any CPU
		{C5053BB0-50F9-4110-80A9-6FA6E72ABF0D}.DVD-5|Any CPU.Build.0 = Debug|Any CPU
		{C5053BB0-50F9-4110-80A9-6FA6E72ABF0D}.DVD-5|x64.ActiveCfg = Debug|Any CPU
		{C5053BB0-50F9-4110-80A9-6FA6E72ABF0D}.DVD-5|x64.Build.0 = Debug|Any CPU
		{C5053BB0-50F9-4110-80A9-6FA6E72ABF0D}.DVD-5|x86.ActiveCfg = Debug|Any CPU
		{C5053BB0-50F9-4110-80A9-6FA6E72ABF0D}.DVD-5|x86.Build.0 = Debug|Any CPU
		{C5053BB0-50F9-4110-80A9-6FA6E72ABF0D}.Release|Any CPU.ActiveCfg = Release|Any CPU
		{C5053BB0-50F9-4110-80A9-6FA6E72ABF0D}.Release|Any CPU.Build.0 = Release|Any CPU
		{C5053BB0-50F9-4110-80A9-6FA6E72ABF0D}.Release|x64.ActiveCfg = Release|Any CPU
		{C5053BB0-50F9-4110-80A9-6FA6E72ABF0D}.Release|x64.Build.0 = Release|Any CPU
		{C5053BB0-50F9-4110-80A9-6FA6E72ABF0D}.Release|x86.ActiveCfg = Release|Any CPU
		{C5053BB0-50F9-4110-80A9-6FA6E72ABF0D}.Release|x86.Build.0 = Release|Any CPU
		{C5053BB0-50F9-4110-80A9-6FA6E72ABF0D}.SingleImage|Any CPU.ActiveCfg = Release|Any CPU
		{C5053BB0-50F9-4110-80A9-6FA6E72ABF0D}.SingleImage|Any CPU.Build.0 = Release|Any CPU
		{C5053BB0-50F9-4110-80A9-6FA6E72ABF0D}.SingleImage|x64.ActiveCfg = Release|Any CPU
		{C5053BB0-50F9-4110-80A9-6FA6E72ABF0D}.SingleImage|x64.Build.0 = Release|Any CPU
		{C5053BB0-50F9-4110-80A9-6FA6E72ABF0D}.SingleImage|x86.ActiveCfg = Release|Any CPU
		{C5053BB0-50F9-4110-80A9-6FA6E72ABF0D}.SingleImage|x86.Build.0 = Release|Any CPU
		{43F22697-A81E-47D2-94AC-1094AD6A0C22}.CD_ROM|Any CPU.ActiveCfg = Release|x64
		{43F22697-A81E-47D2-94AC-1094AD6A0C22}.CD_ROM|Any CPU.Build.0 = Release|x64
		{43F22697-A81E-47D2-94AC-1094AD6A0C22}.CD_ROM|x64.ActiveCfg = Release|x64
		{43F22697-A81E-47D2-94AC-1094AD6A0C22}.CD_ROM|x64.Build.0 = Release|x64
		{43F22697-A81E-47D2-94AC-1094AD6A0C22}.CD_ROM|x86.ActiveCfg = Release|Win32
		{43F22697-A81E-47D2-94AC-1094AD6A0C22}.CD_ROM|x86.Build.0 = Release|Win32
		{43F22697-A81E-47D2-94AC-1094AD6A0C22}.Debug|Any CPU.ActiveCfg = Debug|Win32
		{43F22697-A81E-47D2-94AC-1094AD6A0C22}.Debug|x64.ActiveCfg = Debug|x64
		{43F22697-A81E-47D2-94AC-1094AD6A0C22}.Debug|x86.ActiveCfg = Debug|Win32
		{43F22697-A81E-47D2-94AC-1094AD6A0C22}.Debug|x86.Build.0 = Debug|Win32
		{43F22697-A81E-47D2-94AC-1094AD6A0C22}.DVD-5|Any CPU.ActiveCfg = Release|x64
		{43F22697-A81E-47D2-94AC-1094AD6A0C22}.DVD-5|Any CPU.Build.0 = Release|x64
		{43F22697-A81E-47D2-94AC-1094AD6A0C22}.DVD-5|x64.ActiveCfg = Debug|x64
		{43F22697-A81E-47D2-94AC-1094AD6A0C22}.DVD-5|x64.Build.0 = Debug|x64
		{43F22697-A81E-47D2-94AC-1094AD6A0C22}.DVD-5|x86.ActiveCfg = Debug|Win32
		{43F22697-A81E-47D2-94AC-1094AD6A0C22}.DVD-5|x86.Build.0 = Debug|Win32
		{43F22697-A81E-47D2-94AC-1094AD6A0C22}.Release|Any CPU.ActiveCfg = Release|Win32
		{43F22697-A81E-47D2-94AC-1094AD6A0C22}.Release|x64.ActiveCfg = Release|x64
		{43F22697-A81E-47D2-94AC-1094AD6A0C22}.Release|x64.Build.0 = Release|x64
		{43F22697-A81E-47D2-94AC-1094AD6A0C22}.Release|x86.ActiveCfg = Release|Win32
		{43F22697-A81E-47D2-94AC-1094AD6A0C22}.Release|x86.Build.0 = Release|Win32
		{43F22697-A81E-47D2-94AC-1094AD6A0C22}.SingleImage|Any CPU.ActiveCfg = Release|x64
		{43F22697-A81E-47D2-94AC-1094AD6A0C22}.SingleImage|Any CPU.Build.0 = Release|x64
		{43F22697-A81E-47D2-94AC-1094AD6A0C22}.SingleImage|x64.ActiveCfg = Release|x64
		{43F22697-A81E-47D2-94AC-1094AD6A0C22}.SingleImage|x64.Build.0 = Release|x64
		{43F22697-A81E-47D2-94AC-1094AD6A0C22}.SingleImage|x86.ActiveCfg = Release|Win32
		{43F22697-A81E-47D2-94AC-1094AD6A0C22}.SingleImage|x86.Build.0 = Release|Win32
		{D9B359C0-25F0-43F0-8BE3-4899FEDF5B8D}.CD_ROM|Any CPU.ActiveCfg = Release|Any CPU
		{D9B359C0-25F0-43F0-8BE3-4899FEDF5B8D}.CD_ROM|Any CPU.Build.0 = Release|Any CPU
		{D9B359C0-25F0-43F0-8BE3-4899FEDF5B8D}.CD_ROM|x64.ActiveCfg = Release|Any CPU
		{D9B359C0-25F0-43F0-8BE3-4899FEDF5B8D}.CD_ROM|x64.Build.0 = Release|Any CPU
		{D9B359C0-25F0-43F0-8BE3-4899FEDF5B8D}.CD_ROM|x86.ActiveCfg = Release|Any CPU
		{D9B359C0-25F0-43F0-8BE3-4899FEDF5B8D}.CD_ROM|x86.Build.0 = Release|Any CPU
		{D9B359C0-25F0-43F0-8BE3-4899FEDF5B8D}.Debug|Any CPU.ActiveCfg = Debug|Any CPU
		{D9B359C0-25F0-43F0-8BE3-4899FEDF5B8D}.Debug|Any CPU.Build.0 = Debug|Any CPU
		{D9B359C0-25F0-43F0-8BE3-4899FEDF5B8D}.Debug|x64.ActiveCfg = Debug|Any CPU
		{D9B359C0-25F0-43F0-8BE3-4899FEDF5B8D}.Debug|x64.Build.0 = Debug|Any CPU
		{D9B359C0-25F0-43F0-8BE3-4899FEDF5B8D}.Debug|x86.ActiveCfg = Debug|Any CPU
		{D9B359C0-25F0-43F0-8BE3-4899FEDF5B8D}.Debug|x86.Build.0 = Debug|Any CPU
		{D9B359C0-25F0-43F0-8BE3-4899FEDF5B8D}.DVD-5|Any CPU.ActiveCfg = Debug|Any CPU
		{D9B359C0-25F0-43F0-8BE3-4899FEDF5B8D}.DVD-5|Any CPU.Build.0 = Debug|Any CPU
		{D9B359C0-25F0-43F0-8BE3-4899FEDF5B8D}.DVD-5|x64.ActiveCfg = Debug|Any CPU
		{D9B359C0-25F0-43F0-8BE3-4899FEDF5B8D}.DVD-5|x64.Build.0 = Debug|Any CPU
		{D9B359C0-25F0-43F0-8BE3-4899FEDF5B8D}.DVD-5|x86.ActiveCfg = Debug|Any CPU
		{D9B359C0-25F0-43F0-8BE3-4899FEDF5B8D}.DVD-5|x86.Build.0 = Debug|Any CPU
		{D9B359C0-25F0-43F0-8BE3-4899FEDF5B8D}.Release|Any CPU.ActiveCfg = Release|Any CPU
		{D9B359C0-25F0-43F0-8BE3-4899FEDF5B8D}.Release|Any CPU.Build.0 = Release|Any CPU
		{D9B359C0-25F0-43F0-8BE3-4899FEDF5B8D}.Release|x64.ActiveCfg = Release|Any CPU
		{D9B359C0-25F0-43F0-8BE3-4899FEDF5B8D}.Release|x64.Build.0 = Release|Any CPU
		{D9B359C0-25F0-43F0-8BE3-4899FEDF5B8D}.Release|x86.ActiveCfg = Release|Any CPU
		{D9B359C0-25F0-43F0-8BE3-4899FEDF5B8D}.Release|x86.Build.0 = Release|Any CPU
		{D9B359C0-25F0-43F0-8BE3-4899FEDF5B8D}.SingleImage|Any CPU.ActiveCfg = Release|Any CPU
		{D9B359C0-25F0-43F0-8BE3-4899FEDF5B8D}.SingleImage|Any CPU.Build.0 = Release|Any CPU
		{D9B359C0-25F0-43F0-8BE3-4899FEDF5B8D}.SingleImage|x64.ActiveCfg = Release|Any CPU
		{D9B359C0-25F0-43F0-8BE3-4899FEDF5B8D}.SingleImage|x64.Build.0 = Release|Any CPU
		{D9B359C0-25F0-43F0-8BE3-4899FEDF5B8D}.SingleImage|x86.ActiveCfg = Release|Any CPU
		{D9B359C0-25F0-43F0-8BE3-4899FEDF5B8D}.SingleImage|x86.Build.0 = Release|Any CPU
		{D34B2EAE-1516-4839-9B0C-B958CDEC1BC2}.CD_ROM|Any CPU.ActiveCfg = Release|Any CPU
		{D34B2EAE-1516-4839-9B0C-B958CDEC1BC2}.CD_ROM|Any CPU.Build.0 = Release|Any CPU
		{D34B2EAE-1516-4839-9B0C-B958CDEC1BC2}.CD_ROM|x64.ActiveCfg = Release|Any CPU
		{D34B2EAE-1516-4839-9B0C-B958CDEC1BC2}.CD_ROM|x64.Build.0 = Release|Any CPU
		{D34B2EAE-1516-4839-9B0C-B958CDEC1BC2}.CD_ROM|x86.ActiveCfg = Release|Any CPU
		{D34B2EAE-1516-4839-9B0C-B958CDEC1BC2}.CD_ROM|x86.Build.0 = Release|Any CPU
		{D34B2EAE-1516-4839-9B0C-B958CDEC1BC2}.Debug|Any CPU.ActiveCfg = Debug|Any CPU
		{D34B2EAE-1516-4839-9B0C-B958CDEC1BC2}.Debug|Any CPU.Build.0 = Debug|Any CPU
		{D34B2EAE-1516-4839-9B0C-B958CDEC1BC2}.Debug|x64.ActiveCfg = Debug|Any CPU
		{D34B2EAE-1516-4839-9B0C-B958CDEC1BC2}.Debug|x64.Build.0 = Debug|Any CPU
		{D34B2EAE-1516-4839-9B0C-B958CDEC1BC2}.Debug|x86.ActiveCfg = Debug|Any CPU
		{D34B2EAE-1516-4839-9B0C-B958CDEC1BC2}.Debug|x86.Build.0 = Debug|Any CPU
		{D34B2EAE-1516-4839-9B0C-B958CDEC1BC2}.DVD-5|Any CPU.ActiveCfg = Debug|Any CPU
		{D34B2EAE-1516-4839-9B0C-B958CDEC1BC2}.DVD-5|Any CPU.Build.0 = Debug|Any CPU
		{D34B2EAE-1516-4839-9B0C-B958CDEC1BC2}.DVD-5|x64.ActiveCfg = Debug|Any CPU
		{D34B2EAE-1516-4839-9B0C-B958CDEC1BC2}.DVD-5|x64.Build.0 = Debug|Any CPU
		{D34B2EAE-1516-4839-9B0C-B958CDEC1BC2}.DVD-5|x86.ActiveCfg = Debug|Any CPU
		{D34B2EAE-1516-4839-9B0C-B958CDEC1BC2}.DVD-5|x86.Build.0 = Debug|Any CPU
		{D34B2EAE-1516-4839-9B0C-B958CDEC1BC2}.Release|Any CPU.ActiveCfg = Release|Any CPU
		{D34B2EAE-1516-4839-9B0C-B958CDEC1BC2}.Release|Any CPU.Build.0 = Release|Any CPU
		{D34B2EAE-1516-4839-9B0C-B958CDEC1BC2}.Release|x64.ActiveCfg = Release|Any CPU
		{D34B2EAE-1516-4839-9B0C-B958CDEC1BC2}.Release|x64.Build.0 = Release|Any CPU
		{D34B2EAE-1516-4839-9B0C-B958CDEC1BC2}.Release|x86.ActiveCfg = Release|Any CPU
		{D34B2EAE-1516-4839-9B0C-B958CDEC1BC2}.Release|x86.Build.0 = Release|Any CPU
		{D34B2EAE-1516-4839-9B0C-B958CDEC1BC2}.SingleImage|Any CPU.ActiveCfg = Release|Any CPU
		{D34B2EAE-1516-4839-9B0C-B958CDEC1BC2}.SingleImage|Any CPU.Build.0 = Release|Any CPU
		{D34B2EAE-1516-4839-9B0C-B958CDEC1BC2}.SingleImage|x64.ActiveCfg = Release|Any CPU
		{D34B2EAE-1516-4839-9B0C-B958CDEC1BC2}.SingleImage|x64.Build.0 = Release|Any CPU
		{D34B2EAE-1516-4839-9B0C-B958CDEC1BC2}.SingleImage|x86.ActiveCfg = Release|Any CPU
		{D34B2EAE-1516-4839-9B0C-B958CDEC1BC2}.SingleImage|x86.Build.0 = Release|Any CPU
		{2D56B4FE-F8FE-4097-B5DE-A39D4F5C6D1A}.CD_ROM|Any CPU.ActiveCfg = Release|Any CPU
		{2D56B4FE-F8FE-4097-B5DE-A39D4F5C6D1A}.CD_ROM|Any CPU.Build.0 = Release|Any CPU
		{2D56B4FE-F8FE-4097-B5DE-A39D4F5C6D1A}.CD_ROM|x64.ActiveCfg = Release|Any CPU
		{2D56B4FE-F8FE-4097-B5DE-A39D4F5C6D1A}.CD_ROM|x64.Build.0 = Release|Any CPU
		{2D56B4FE-F8FE-4097-B5DE-A39D4F5C6D1A}.CD_ROM|x86.ActiveCfg = Release|Any CPU
		{2D56B4FE-F8FE-4097-B5DE-A39D4F5C6D1A}.CD_ROM|x86.Build.0 = Release|Any CPU
		{2D56B4FE-F8FE-4097-B5DE-A39D4F5C6D1A}.Debug|Any CPU.ActiveCfg = Debug|Any CPU
		{2D56B4FE-F8FE-4097-B5DE-A39D4F5C6D1A}.Debug|Any CPU.Build.0 = Debug|Any CPU
		{2D56B4FE-F8FE-4097-B5DE-A39D4F5C6D1A}.Debug|x64.ActiveCfg = Debug|Any CPU
		{2D56B4FE-F8FE-4097-B5DE-A39D4F5C6D1A}.Debug|x64.Build.0 = Debug|Any CPU
		{2D56B4FE-F8FE-4097-B5DE-A39D4F5C6D1A}.Debug|x86.ActiveCfg = Debug|Any CPU
		{2D56B4FE-F8FE-4097-B5DE-A39D4F5C6D1A}.Debug|x86.Build.0 = Debug|Any CPU
		{2D56B4FE-F8FE-4097-B5DE-A39D4F5C6D1A}.DVD-5|Any CPU.ActiveCfg = Debug|Any CPU
		{2D56B4FE-F8FE-4097-B5DE-A39D4F5C6D1A}.DVD-5|Any CPU.Build.0 = Debug|Any CPU
		{2D56B4FE-F8FE-4097-B5DE-A39D4F5C6D1A}.DVD-5|x64.ActiveCfg = Debug|Any CPU
		{2D56B4FE-F8FE-4097-B5DE-A39D4F5C6D1A}.DVD-5|x64.Build.0 = Debug|Any CPU
		{2D56B4FE-F8FE-4097-B5DE-A39D4F5C6D1A}.DVD-5|x86.ActiveCfg = Debug|Any CPU
		{2D56B4FE-F8FE-4097-B5DE-A39D4F5C6D1A}.DVD-5|x86.Build.0 = Debug|Any CPU
		{2D56B4FE-F8FE-4097-B5DE-A39D4F5C6D1A}.Release|Any CPU.ActiveCfg = Release|Any CPU
		{2D56B4FE-F8FE-4097-B5DE-A39D4F5C6D1A}.Release|Any CPU.Build.0 = Release|Any CPU
		{2D56B4FE-F8FE-4097-B5DE-A39D4F5C6D1A}.Release|x64.ActiveCfg = Release|Any CPU
		{2D56B4FE-F8FE-4097-B5DE-A39D4F5C6D1A}.Release|x64.Build.0 = Release|Any CPU
		{2D56B4FE-F8FE-4097-B5DE-A39D4F5C6D1A}.Release|x86.ActiveCfg = Release|Any CPU
		{2D56B4FE-F8FE-4097-B5DE-A39D4F5C6D1A}.Release|x86.Build.0 = Release|Any CPU
		{2D56B4FE-F8FE-4097-B5DE-A39D4F5C6D1A}.SingleImage|Any CPU.ActiveCfg = Release|Any CPU
		{2D56B4FE-F8FE-4097-B5DE-A39D4F5C6D1A}.SingleImage|Any CPU.Build.0 = Release|Any CPU
		{2D56B4FE-F8FE-4097-B5DE-A39D4F5C6D1A}.SingleImage|x64.ActiveCfg = Release|Any CPU
		{2D56B4FE-F8FE-4097-B5DE-A39D4F5C6D1A}.SingleImage|x64.Build.0 = Release|Any CPU
		{2D56B4FE-F8FE-4097-B5DE-A39D4F5C6D1A}.SingleImage|x86.ActiveCfg = Release|Any CPU
		{2D56B4FE-F8FE-4097-B5DE-A39D4F5C6D1A}.SingleImage|x86.Build.0 = Release|Any CPU
		{94DCFC9A-CB33-44CE-B7CB-DEE933B9D629}.CD_ROM|Any CPU.ActiveCfg = Release|Any CPU
		{94DCFC9A-CB33-44CE-B7CB-DEE933B9D629}.CD_ROM|Any CPU.Build.0 = Release|Any CPU
		{94DCFC9A-CB33-44CE-B7CB-DEE933B9D629}.CD_ROM|x64.ActiveCfg = Release|Any CPU
		{94DCFC9A-CB33-44CE-B7CB-DEE933B9D629}.CD_ROM|x64.Build.0 = Release|Any CPU
		{94DCFC9A-CB33-44CE-B7CB-DEE933B9D629}.CD_ROM|x86.ActiveCfg = Release|Any CPU
		{94DCFC9A-CB33-44CE-B7CB-DEE933B9D629}.CD_ROM|x86.Build.0 = Release|Any CPU
		{94DCFC9A-CB33-44CE-B7CB-DEE933B9D629}.Debug|Any CPU.ActiveCfg = Debug|Any CPU
		{94DCFC9A-CB33-44CE-B7CB-DEE933B9D629}.Debug|Any CPU.Build.0 = Debug|Any CPU
		{94DCFC9A-CB33-44CE-B7CB-DEE933B9D629}.Debug|x64.ActiveCfg = Debug|Any CPU
		{94DCFC9A-CB33-44CE-B7CB-DEE933B9D629}.Debug|x64.Build.0 = Debug|Any CPU
		{94DCFC9A-CB33-44CE-B7CB-DEE933B9D629}.Debug|x86.ActiveCfg = Debug|Any CPU
		{94DCFC9A-CB33-44CE-B7CB-DEE933B9D629}.Debug|x86.Build.0 = Debug|Any CPU
		{94DCFC9A-CB33-44CE-B7CB-DEE933B9D629}.DVD-5|Any CPU.ActiveCfg = Debug|Any CPU
		{94DCFC9A-CB33-44CE-B7CB-DEE933B9D629}.DVD-5|Any CPU.Build.0 = Debug|Any CPU
		{94DCFC9A-CB33-44CE-B7CB-DEE933B9D629}.DVD-5|x64.ActiveCfg = Debug|Any CPU
		{94DCFC9A-CB33-44CE-B7CB-DEE933B9D629}.DVD-5|x64.Build.0 = Debug|Any CPU
		{94DCFC9A-CB33-44CE-B7CB-DEE933B9D629}.DVD-5|x86.ActiveCfg = Debug|Any CPU
		{94DCFC9A-CB33-44CE-B7CB-DEE933B9D629}.DVD-5|x86.Build.0 = Debug|Any CPU
		{94DCFC9A-CB33-44CE-B7CB-DEE933B9D629}.Release|Any CPU.ActiveCfg = Release|Any CPU
		{94DCFC9A-CB33-44CE-B7CB-DEE933B9D629}.Release|Any CPU.Build.0 = Release|Any CPU
		{94DCFC9A-CB33-44CE-B7CB-DEE933B9D629}.Release|x64.ActiveCfg = Release|Any CPU
		{94DCFC9A-CB33-44CE-B7CB-DEE933B9D629}.Release|x64.Build.0 = Release|Any CPU
		{94DCFC9A-CB33-44CE-B7CB-DEE933B9D629}.Release|x86.ActiveCfg = Release|Any CPU
		{94DCFC9A-CB33-44CE-B7CB-DEE933B9D629}.Release|x86.Build.0 = Release|Any CPU
		{94DCFC9A-CB33-44CE-B7CB-DEE933B9D629}.SingleImage|Any CPU.ActiveCfg = Release|Any CPU
		{94DCFC9A-CB33-44CE-B7CB-DEE933B9D629}.SingleImage|Any CPU.Build.0 = Release|Any CPU
		{94DCFC9A-CB33-44CE-B7CB-DEE933B9D629}.SingleImage|x64.ActiveCfg = Release|Any CPU
		{94DCFC9A-CB33-44CE-B7CB-DEE933B9D629}.SingleImage|x64.Build.0 = Release|Any CPU
		{94DCFC9A-CB33-44CE-B7CB-DEE933B9D629}.SingleImage|x86.ActiveCfg = Release|Any CPU
		{94DCFC9A-CB33-44CE-B7CB-DEE933B9D629}.SingleImage|x86.Build.0 = Release|Any CPU
		{031DA32B-AE5E-46BF-8FE0-F109AE9C42D4}.CD_ROM|Any CPU.ActiveCfg = Release|Any CPU
		{031DA32B-AE5E-46BF-8FE0-F109AE9C42D4}.CD_ROM|Any CPU.Build.0 = Release|Any CPU
		{031DA32B-AE5E-46BF-8FE0-F109AE9C42D4}.CD_ROM|x64.ActiveCfg = Release|Any CPU
		{031DA32B-AE5E-46BF-8FE0-F109AE9C42D4}.CD_ROM|x64.Build.0 = Release|Any CPU
		{031DA32B-AE5E-46BF-8FE0-F109AE9C42D4}.CD_ROM|x86.ActiveCfg = Release|Any CPU
		{031DA32B-AE5E-46BF-8FE0-F109AE9C42D4}.CD_ROM|x86.Build.0 = Release|Any CPU
		{031DA32B-AE5E-46BF-8FE0-F109AE9C42D4}.Debug|Any CPU.ActiveCfg = Debug|Any CPU
		{031DA32B-AE5E-46BF-8FE0-F109AE9C42D4}.Debug|Any CPU.Build.0 = Debug|Any CPU
		{031DA32B-AE5E-46BF-8FE0-F109AE9C42D4}.Debug|x64.ActiveCfg = Debug|Any CPU
		{031DA32B-AE5E-46BF-8FE0-F109AE9C42D4}.Debug|x64.Build.0 = Debug|Any CPU
		{031DA32B-AE5E-46BF-8FE0-F109AE9C42D4}.Debug|x86.ActiveCfg = Debug|Any CPU
		{031DA32B-AE5E-46BF-8FE0-F109AE9C42D4}.Debug|x86.Build.0 = Debug|Any CPU
		{031DA32B-AE5E-46BF-8FE0-F109AE9C42D4}.DVD-5|Any CPU.ActiveCfg = Debug|Any CPU
		{031DA32B-AE5E-46BF-8FE0-F109AE9C42D4}.DVD-5|Any CPU.Build.0 = Debug|Any CPU
		{031DA32B-AE5E-46BF-8FE0-F109AE9C42D4}.DVD-5|x64.ActiveCfg = Debug|Any CPU
		{031DA32B-AE5E-46BF-8FE0-F109AE9C42D4}.DVD-5|x64.Build.0 = Debug|Any CPU
		{031DA32B-AE5E-46BF-8FE0-F109AE9C42D4}.DVD-5|x86.ActiveCfg = Debug|Any CPU
		{031DA32B-AE5E-46BF-8FE0-F109AE9C42D4}.DVD-5|x86.Build.0 = Debug|Any CPU
		{031DA32B-AE5E-46BF-8FE0-F109AE9C42D4}.Release|Any CPU.ActiveCfg = Release|Any CPU
		{031DA32B-AE5E-46BF-8FE0-F109AE9C42D4}.Release|Any CPU.Build.0 = Release|Any CPU
		{031DA32B-AE5E-46BF-8FE0-F109AE9C42D4}.Release|x64.ActiveCfg = Release|Any CPU
		{031DA32B-AE5E-46BF-8FE0-F109AE9C42D4}.Release|x64.Build.0 = Release|Any CPU
		{031DA32B-AE5E-46BF-8FE0-F109AE9C42D4}.Release|x86.ActiveCfg = Release|Any CPU
		{031DA32B-AE5E-46BF-8FE0-F109AE9C42D4}.Release|x86.Build.0 = Release|Any CPU
		{031DA32B-AE5E-46BF-8FE0-F109AE9C42D4}.SingleImage|Any CPU.ActiveCfg = Release|Any CPU
		{031DA32B-AE5E-46BF-8FE0-F109AE9C42D4}.SingleImage|Any CPU.Build.0 = Release|Any CPU
		{031DA32B-AE5E-46BF-8FE0-F109AE9C42D4}.SingleImage|x64.ActiveCfg = Release|Any CPU
		{031DA32B-AE5E-46BF-8FE0-F109AE9C42D4}.SingleImage|x64.Build.0 = Release|Any CPU
		{031DA32B-AE5E-46BF-8FE0-F109AE9C42D4}.SingleImage|x86.ActiveCfg = Release|Any CPU
		{031DA32B-AE5E-46BF-8FE0-F109AE9C42D4}.SingleImage|x86.Build.0 = Release|Any CPU
		{B44DF17F-C600-4713-B3CC-6FAED508D35A}.CD_ROM|Any CPU.ActiveCfg = Release|x64
		{B44DF17F-C600-4713-B3CC-6FAED508D35A}.CD_ROM|Any CPU.Build.0 = Release|x64
		{B44DF17F-C600-4713-B3CC-6FAED508D35A}.CD_ROM|x64.ActiveCfg = Release|x64
		{B44DF17F-C600-4713-B3CC-6FAED508D35A}.CD_ROM|x64.Build.0 = Release|x64
		{B44DF17F-C600-4713-B3CC-6FAED508D35A}.CD_ROM|x86.ActiveCfg = Release|Win32
		{B44DF17F-C600-4713-B3CC-6FAED508D35A}.CD_ROM|x86.Build.0 = Release|Win32
		{B44DF17F-C600-4713-B3CC-6FAED508D35A}.Debug|Any CPU.ActiveCfg = Debug|Win32
		{B44DF17F-C600-4713-B3CC-6FAED508D35A}.Debug|x64.ActiveCfg = Debug|x64
		{B44DF17F-C600-4713-B3CC-6FAED508D35A}.Debug|x86.ActiveCfg = Debug|Win32
		{B44DF17F-C600-4713-B3CC-6FAED508D35A}.Debug|x86.Build.0 = Debug|Win32
		{B44DF17F-C600-4713-B3CC-6FAED508D35A}.DVD-5|Any CPU.ActiveCfg = Release|x64
		{B44DF17F-C600-4713-B3CC-6FAED508D35A}.DVD-5|Any CPU.Build.0 = Release|x64
		{B44DF17F-C600-4713-B3CC-6FAED508D35A}.DVD-5|x64.ActiveCfg = Debug|x64
		{B44DF17F-C600-4713-B3CC-6FAED508D35A}.DVD-5|x64.Build.0 = Debug|x64
		{B44DF17F-C600-4713-B3CC-6FAED508D35A}.DVD-5|x86.ActiveCfg = Debug|Win32
		{B44DF17F-C600-4713-B3CC-6FAED508D35A}.DVD-5|x86.Build.0 = Debug|Win32
		{B44DF17F-C600-4713-B3CC-6FAED508D35A}.Release|Any CPU.ActiveCfg = Release|Win32
		{B44DF17F-C600-4713-B3CC-6FAED508D35A}.Release|x64.ActiveCfg = Release|x64
		{B44DF17F-C600-4713-B3CC-6FAED508D35A}.Release|x64.Build.0 = Release|x64
		{B44DF17F-C600-4713-B3CC-6FAED508D35A}.Release|x86.ActiveCfg = Release|Win32
		{B44DF17F-C600-4713-B3CC-6FAED508D35A}.Release|x86.Build.0 = Release|Win32
		{B44DF17F-C600-4713-B3CC-6FAED508D35A}.SingleImage|Any CPU.ActiveCfg = Release|x64
		{B44DF17F-C600-4713-B3CC-6FAED508D35A}.SingleImage|Any CPU.Build.0 = Release|x64
		{B44DF17F-C600-4713-B3CC-6FAED508D35A}.SingleImage|x64.ActiveCfg = Release|x64
		{B44DF17F-C600-4713-B3CC-6FAED508D35A}.SingleImage|x64.Build.0 = Release|x64
		{B44DF17F-C600-4713-B3CC-6FAED508D35A}.SingleImage|x86.ActiveCfg = Release|Win32
		{B44DF17F-C600-4713-B3CC-6FAED508D35A}.SingleImage|x86.Build.0 = Release|Win32
		{8D6A6272-C6A7-4C72-B9DF-AAA325AF5D33}.CD_ROM|Any CPU.ActiveCfg = Release|x64
		{8D6A6272-C6A7-4C72-B9DF-AAA325AF5D33}.CD_ROM|Any CPU.Build.0 = Release|x64
		{8D6A6272-C6A7-4C72-B9DF-AAA325AF5D33}.CD_ROM|x64.ActiveCfg = Release|x64
		{8D6A6272-C6A7-4C72-B9DF-AAA325AF5D33}.CD_ROM|x64.Build.0 = Release|x64
		{8D6A6272-C6A7-4C72-B9DF-AAA325AF5D33}.CD_ROM|x86.ActiveCfg = Release|Win32
		{8D6A6272-C6A7-4C72-B9DF-AAA325AF5D33}.CD_ROM|x86.Build.0 = Release|Win32
		{8D6A6272-C6A7-4C72-B9DF-AAA325AF5D33}.Debug|Any CPU.ActiveCfg = Debug|Win32
		{8D6A6272-C6A7-4C72-B9DF-AAA325AF5D33}.Debug|x64.ActiveCfg = Debug|x64
		{8D6A6272-C6A7-4C72-B9DF-AAA325AF5D33}.Debug|x86.ActiveCfg = Debug|Win32
		{8D6A6272-C6A7-4C72-B9DF-AAA325AF5D33}.Debug|x86.Build.0 = Debug|Win32
		{8D6A6272-C6A7-4C72-B9DF-AAA325AF5D33}.DVD-5|Any CPU.ActiveCfg = Release|x64
		{8D6A6272-C6A7-4C72-B9DF-AAA325AF5D33}.DVD-5|Any CPU.Build.0 = Release|x64
		{8D6A6272-C6A7-4C72-B9DF-AAA325AF5D33}.DVD-5|x64.ActiveCfg = Debug|x64
		{8D6A6272-C6A7-4C72-B9DF-AAA325AF5D33}.DVD-5|x64.Build.0 = Debug|x64
		{8D6A6272-C6A7-4C72-B9DF-AAA325AF5D33}.DVD-5|x86.ActiveCfg = Debug|Win32
		{8D6A6272-C6A7-4C72-B9DF-AAA325AF5D33}.DVD-5|x86.Build.0 = Debug|Win32
		{8D6A6272-C6A7-4C72-B9DF-AAA325AF5D33}.Release|Any CPU.ActiveCfg = Release|Win32
		{8D6A6272-C6A7-4C72-B9DF-AAA325AF5D33}.Release|x64.ActiveCfg = Release|x64
		{8D6A6272-C6A7-4C72-B9DF-AAA325AF5D33}.Release|x64.Build.0 = Release|x64
		{8D6A6272-C6A7-4C72-B9DF-AAA325AF5D33}.Release|x86.ActiveCfg = Release|Win32
		{8D6A6272-C6A7-4C72-B9DF-AAA325AF5D33}.Release|x86.Build.0 = Release|Win32
		{8D6A6272-C6A7-4C72-B9DF-AAA325AF5D33}.SingleImage|Any CPU.ActiveCfg = Release|x64
		{8D6A6272-C6A7-4C72-B9DF-AAA325AF5D33}.SingleImage|Any CPU.Build.0 = Release|x64
		{8D6A6272-C6A7-4C72-B9DF-AAA325AF5D33}.SingleImage|x64.ActiveCfg = Release|x64
		{8D6A6272-C6A7-4C72-B9DF-AAA325AF5D33}.SingleImage|x64.Build.0 = Release|x64
		{8D6A6272-C6A7-4C72-B9DF-AAA325AF5D33}.SingleImage|x86.ActiveCfg = Release|Win32
		{8D6A6272-C6A7-4C72-B9DF-AAA325AF5D33}.SingleImage|x86.Build.0 = Release|Win32
		{FC7A80CA-DBD6-4D43-81FF-FBBF1C9F4C1C}.CD_ROM|Any CPU.ActiveCfg = Release|Any CPU
		{FC7A80CA-DBD6-4D43-81FF-FBBF1C9F4C1C}.CD_ROM|Any CPU.Build.0 = Release|Any CPU
		{FC7A80CA-DBD6-4D43-81FF-FBBF1C9F4C1C}.CD_ROM|x64.ActiveCfg = Release|Any CPU
		{FC7A80CA-DBD6-4D43-81FF-FBBF1C9F4C1C}.CD_ROM|x64.Build.0 = Release|Any CPU
		{FC7A80CA-DBD6-4D43-81FF-FBBF1C9F4C1C}.CD_ROM|x86.ActiveCfg = Release|Any CPU
		{FC7A80CA-DBD6-4D43-81FF-FBBF1C9F4C1C}.CD_ROM|x86.Build.0 = Release|Any CPU
		{FC7A80CA-DBD6-4D43-81FF-FBBF1C9F4C1C}.Debug|Any CPU.ActiveCfg = Debug|Any CPU
		{FC7A80CA-DBD6-4D43-81FF-FBBF1C9F4C1C}.Debug|Any CPU.Build.0 = Debug|Any CPU
		{FC7A80CA-DBD6-4D43-81FF-FBBF1C9F4C1C}.Debug|x64.ActiveCfg = Debug|Any CPU
		{FC7A80CA-DBD6-4D43-81FF-FBBF1C9F4C1C}.Debug|x64.Build.0 = Debug|Any CPU
		{FC7A80CA-DBD6-4D43-81FF-FBBF1C9F4C1C}.Debug|x86.ActiveCfg = Debug|Any CPU
		{FC7A80CA-DBD6-4D43-81FF-FBBF1C9F4C1C}.Debug|x86.Build.0 = Debug|Any CPU
		{FC7A80CA-DBD6-4D43-81FF-FBBF1C9F4C1C}.DVD-5|Any CPU.ActiveCfg = Debug|Any CPU
		{FC7A80CA-DBD6-4D43-81FF-FBBF1C9F4C1C}.DVD-5|Any CPU.Build.0 = Debug|Any CPU
		{FC7A80CA-DBD6-4D43-81FF-FBBF1C9F4C1C}.DVD-5|x64.ActiveCfg = Debug|Any CPU
		{FC7A80CA-DBD6-4D43-81FF-FBBF1C9F4C1C}.DVD-5|x64.Build.0 = Debug|Any CPU
		{FC7A80CA-DBD6-4D43-81FF-FBBF1C9F4C1C}.DVD-5|x86.ActiveCfg = Debug|Any CPU
		{FC7A80CA-DBD6-4D43-81FF-FBBF1C9F4C1C}.DVD-5|x86.Build.0 = Debug|Any CPU
		{FC7A80CA-DBD6-4D43-81FF-FBBF1C9F4C1C}.Release|Any CPU.ActiveCfg = Release|Any CPU
		{FC7A80CA-DBD6-4D43-81FF-FBBF1C9F4C1C}.Release|Any CPU.Build.0 = Release|Any CPU
		{FC7A80CA-DBD6-4D43-81FF-FBBF1C9F4C1C}.Release|x64.ActiveCfg = Release|Any CPU
		{FC7A80CA-DBD6-4D43-81FF-FBBF1C9F4C1C}.Release|x64.Build.0 = Release|Any CPU
		{FC7A80CA-DBD6-4D43-81FF-FBBF1C9F4C1C}.Release|x86.ActiveCfg = Release|Any CPU
		{FC7A80CA-DBD6-4D43-81FF-FBBF1C9F4C1C}.Release|x86.Build.0 = Release|Any CPU
		{FC7A80CA-DBD6-4D43-81FF-FBBF1C9F4C1C}.SingleImage|Any CPU.ActiveCfg = Release|Any CPU
		{FC7A80CA-DBD6-4D43-81FF-FBBF1C9F4C1C}.SingleImage|Any CPU.Build.0 = Release|Any CPU
		{FC7A80CA-DBD6-4D43-81FF-FBBF1C9F4C1C}.SingleImage|x64.ActiveCfg = Release|Any CPU
		{FC7A80CA-DBD6-4D43-81FF-FBBF1C9F4C1C}.SingleImage|x64.Build.0 = Release|Any CPU
		{FC7A80CA-DBD6-4D43-81FF-FBBF1C9F4C1C}.SingleImage|x86.ActiveCfg = Release|Any CPU
		{FC7A80CA-DBD6-4D43-81FF-FBBF1C9F4C1C}.SingleImage|x86.Build.0 = Release|Any CPU
		{C0737C02-3F92-45EC-BBC0-43B737B19648}.CD_ROM|Any CPU.ActiveCfg = CD_ROM
		{C0737C02-3F92-45EC-BBC0-43B737B19648}.CD_ROM|Any CPU.Build.0 = CD_ROM
		{C0737C02-3F92-45EC-BBC0-43B737B19648}.CD_ROM|x64.ActiveCfg = CD_ROM
		{C0737C02-3F92-45EC-BBC0-43B737B19648}.CD_ROM|x64.Build.0 = CD_ROM
		{C0737C02-3F92-45EC-BBC0-43B737B19648}.CD_ROM|x86.ActiveCfg = CD_ROM
		{C0737C02-3F92-45EC-BBC0-43B737B19648}.CD_ROM|x86.Build.0 = CD_ROM
		{C0737C02-3F92-45EC-BBC0-43B737B19648}.Debug|Any CPU.ActiveCfg = DVD-5
		{C0737C02-3F92-45EC-BBC0-43B737B19648}.Debug|Any CPU.Build.0 = DVD-5
		{C0737C02-3F92-45EC-BBC0-43B737B19648}.Debug|x64.ActiveCfg = SingleImage
		{C0737C02-3F92-45EC-BBC0-43B737B19648}.Debug|x64.Build.0 = SingleImage
		{C0737C02-3F92-45EC-BBC0-43B737B19648}.Debug|x86.ActiveCfg = DVD-5
		{C0737C02-3F92-45EC-BBC0-43B737B19648}.Debug|x86.Build.0 = DVD-5
		{C0737C02-3F92-45EC-BBC0-43B737B19648}.DVD-5|Any CPU.ActiveCfg = DVD-5
		{C0737C02-3F92-45EC-BBC0-43B737B19648}.DVD-5|Any CPU.Build.0 = DVD-5
		{C0737C02-3F92-45EC-BBC0-43B737B19648}.DVD-5|x64.ActiveCfg = DVD-5
		{C0737C02-3F92-45EC-BBC0-43B737B19648}.DVD-5|x64.Build.0 = DVD-5
		{C0737C02-3F92-45EC-BBC0-43B737B19648}.DVD-5|x86.ActiveCfg = DVD-5
		{C0737C02-3F92-45EC-BBC0-43B737B19648}.DVD-5|x86.Build.0 = DVD-5
		{C0737C02-3F92-45EC-BBC0-43B737B19648}.Release|Any CPU.ActiveCfg = SingleImage
		{C0737C02-3F92-45EC-BBC0-43B737B19648}.Release|Any CPU.Build.0 = SingleImage
		{C0737C02-3F92-45EC-BBC0-43B737B19648}.Release|x64.ActiveCfg = SingleImage
		{C0737C02-3F92-45EC-BBC0-43B737B19648}.Release|x64.Build.0 = SingleImage
		{C0737C02-3F92-45EC-BBC0-43B737B19648}.Release|x86.ActiveCfg = SingleImage
		{C0737C02-3F92-45EC-BBC0-43B737B19648}.Release|x86.Build.0 = SingleImage
		{C0737C02-3F92-45EC-BBC0-43B737B19648}.SingleImage|Any CPU.ActiveCfg = SingleImage
		{C0737C02-3F92-45EC-BBC0-43B737B19648}.SingleImage|Any CPU.Build.0 = SingleImage
		{C0737C02-3F92-45EC-BBC0-43B737B19648}.SingleImage|x64.ActiveCfg = SingleImage
		{C0737C02-3F92-45EC-BBC0-43B737B19648}.SingleImage|x64.Build.0 = SingleImage
		{C0737C02-3F92-45EC-BBC0-43B737B19648}.SingleImage|x86.ActiveCfg = SingleImage
		{C0737C02-3F92-45EC-BBC0-43B737B19648}.SingleImage|x86.Build.0 = SingleImage
		{9BCAA5DC-64D2-43B0-8A32-110346B52313}.CD_ROM|Any CPU.ActiveCfg = Release
		{9BCAA5DC-64D2-43B0-8A32-110346B52313}.CD_ROM|x64.ActiveCfg = Release
		{9BCAA5DC-64D2-43B0-8A32-110346B52313}.CD_ROM|x86.ActiveCfg = Release
		{9BCAA5DC-64D2-43B0-8A32-110346B52313}.Debug|Any CPU.ActiveCfg = Debug
		{9BCAA5DC-64D2-43B0-8A32-110346B52313}.Debug|x64.ActiveCfg = Debug
		{9BCAA5DC-64D2-43B0-8A32-110346B52313}.Debug|x86.ActiveCfg = Debug
		{9BCAA5DC-64D2-43B0-8A32-110346B52313}.DVD-5|Any CPU.ActiveCfg = Debug
		{9BCAA5DC-64D2-43B0-8A32-110346B52313}.DVD-5|x64.ActiveCfg = Debug
		{9BCAA5DC-64D2-43B0-8A32-110346B52313}.DVD-5|x86.ActiveCfg = Debug
		{9BCAA5DC-64D2-43B0-8A32-110346B52313}.Release|Any CPU.ActiveCfg = Release
		{9BCAA5DC-64D2-43B0-8A32-110346B52313}.Release|x64.ActiveCfg = Release
		{9BCAA5DC-64D2-43B0-8A32-110346B52313}.Release|x86.ActiveCfg = Release
		{9BCAA5DC-64D2-43B0-8A32-110346B52313}.SingleImage|Any CPU.ActiveCfg = Release
		{9BCAA5DC-64D2-43B0-8A32-110346B52313}.SingleImage|x64.ActiveCfg = Release
		{9BCAA5DC-64D2-43B0-8A32-110346B52313}.SingleImage|x86.ActiveCfg = Release
		{367E230A-C6F3-4369-A6B7-731297314B81}.CD_ROM|Any CPU.ActiveCfg = Release|x64
		{367E230A-C6F3-4369-A6B7-731297314B81}.CD_ROM|Any CPU.Build.0 = Release|x64
		{367E230A-C6F3-4369-A6B7-731297314B81}.CD_ROM|x64.ActiveCfg = Release|x64
		{367E230A-C6F3-4369-A6B7-731297314B81}.CD_ROM|x64.Build.0 = Release|x64
		{367E230A-C6F3-4369-A6B7-731297314B81}.CD_ROM|x86.ActiveCfg = Release|Win32
		{367E230A-C6F3-4369-A6B7-731297314B81}.CD_ROM|x86.Build.0 = Release|Win32
		{367E230A-C6F3-4369-A6B7-731297314B81}.Debug|Any CPU.ActiveCfg = Debug|Win32
		{367E230A-C6F3-4369-A6B7-731297314B81}.Debug|x64.ActiveCfg = Debug|x64
		{367E230A-C6F3-4369-A6B7-731297314B81}.Debug|x86.ActiveCfg = Debug|Win32
		{367E230A-C6F3-4369-A6B7-731297314B81}.Debug|x86.Build.0 = Debug|Win32
		{367E230A-C6F3-4369-A6B7-731297314B81}.DVD-5|Any CPU.ActiveCfg = Release|x64
		{367E230A-C6F3-4369-A6B7-731297314B81}.DVD-5|Any CPU.Build.0 = Release|x64
		{367E230A-C6F3-4369-A6B7-731297314B81}.DVD-5|x64.ActiveCfg = Debug|x64
		{367E230A-C6F3-4369-A6B7-731297314B81}.DVD-5|x64.Build.0 = Debug|x64
		{367E230A-C6F3-4369-A6B7-731297314B81}.DVD-5|x86.ActiveCfg = Debug|Win32
		{367E230A-C6F3-4369-A6B7-731297314B81}.DVD-5|x86.Build.0 = Debug|Win32
		{367E230A-C6F3-4369-A6B7-731297314B81}.Release|Any CPU.ActiveCfg = Release|Win32
		{367E230A-C6F3-4369-A6B7-731297314B81}.Release|x64.ActiveCfg = Release|x64
		{367E230A-C6F3-4369-A6B7-731297314B81}.Release|x64.Build.0 = Release|x64
		{367E230A-C6F3-4369-A6B7-731297314B81}.Release|x86.ActiveCfg = Release|Win32
		{367E230A-C6F3-4369-A6B7-731297314B81}.Release|x86.Build.0 = Release|Win32
		{367E230A-C6F3-4369-A6B7-731297314B81}.SingleImage|Any CPU.ActiveCfg = Release|x64
		{367E230A-C6F3-4369-A6B7-731297314B81}.SingleImage|Any CPU.Build.0 = Release|x64
		{367E230A-C6F3-4369-A6B7-731297314B81}.SingleImage|x64.ActiveCfg = Release|x64
		{367E230A-C6F3-4369-A6B7-731297314B81}.SingleImage|x64.Build.0 = Release|x64
		{367E230A-C6F3-4369-A6B7-731297314B81}.SingleImage|x86.ActiveCfg = Release|Win32
		{367E230A-C6F3-4369-A6B7-731297314B81}.SingleImage|x86.Build.0 = Release|Win32
		{F4DB8C7D-439D-4742-A23A-1F2BF79FF6C9}.CD_ROM|Any CPU.ActiveCfg = Release|Any CPU
		{F4DB8C7D-439D-4742-A23A-1F2BF79FF6C9}.CD_ROM|Any CPU.Build.0 = Release|Any CPU
		{F4DB8C7D-439D-4742-A23A-1F2BF79FF6C9}.CD_ROM|x64.ActiveCfg = Release|Any CPU
		{F4DB8C7D-439D-4742-A23A-1F2BF79FF6C9}.CD_ROM|x64.Build.0 = Release|Any CPU
		{F4DB8C7D-439D-4742-A23A-1F2BF79FF6C9}.CD_ROM|x86.ActiveCfg = Release|Any CPU
		{F4DB8C7D-439D-4742-A23A-1F2BF79FF6C9}.CD_ROM|x86.Build.0 = Release|Any CPU
		{F4DB8C7D-439D-4742-A23A-1F2BF79FF6C9}.Debug|Any CPU.ActiveCfg = Debug|Any CPU
		{F4DB8C7D-439D-4742-A23A-1F2BF79FF6C9}.Debug|Any CPU.Build.0 = Debug|Any CPU
		{F4DB8C7D-439D-4742-A23A-1F2BF79FF6C9}.Debug|x64.ActiveCfg = Debug|Any CPU
		{F4DB8C7D-439D-4742-A23A-1F2BF79FF6C9}.Debug|x64.Build.0 = Debug|Any CPU
		{F4DB8C7D-439D-4742-A23A-1F2BF79FF6C9}.Debug|x86.ActiveCfg = Debug|Any CPU
		{F4DB8C7D-439D-4742-A23A-1F2BF79FF6C9}.Debug|x86.Build.0 = Debug|Any CPU
		{F4DB8C7D-439D-4742-A23A-1F2BF79FF6C9}.DVD-5|Any CPU.ActiveCfg = Debug|Any CPU
		{F4DB8C7D-439D-4742-A23A-1F2BF79FF6C9}.DVD-5|Any CPU.Build.0 = Debug|Any CPU
		{F4DB8C7D-439D-4742-A23A-1F2BF79FF6C9}.DVD-5|x64.ActiveCfg = Debug|Any CPU
		{F4DB8C7D-439D-4742-A23A-1F2BF79FF6C9}.DVD-5|x64.Build.0 = Debug|Any CPU
		{F4DB8C7D-439D-4742-A23A-1F2BF79FF6C9}.DVD-5|x86.ActiveCfg = Debug|Any CPU
		{F4DB8C7D-439D-4742-A23A-1F2BF79FF6C9}.DVD-5|x86.Build.0 = Debug|Any CPU
		{F4DB8C7D-439D-4742-A23A-1F2BF79FF6C9}.Release|Any CPU.ActiveCfg = Release|Any CPU
		{F4DB8C7D-439D-4742-A23A-1F2BF79FF6C9}.Release|Any CPU.Build.0 = Release|Any CPU
		{F4DB8C7D-439D-4742-A23A-1F2BF79FF6C9}.Release|x64.ActiveCfg = Release|Any CPU
		{F4DB8C7D-439D-4742-A23A-1F2BF79FF6C9}.Release|x64.Build.0 = Release|Any CPU
		{F4DB8C7D-439D-4742-A23A-1F2BF79FF6C9}.Release|x86.ActiveCfg = Release|Any CPU
		{F4DB8C7D-439D-4742-A23A-1F2BF79FF6C9}.Release|x86.Build.0 = Release|Any CPU
		{F4DB8C7D-439D-4742-A23A-1F2BF79FF6C9}.SingleImage|Any CPU.ActiveCfg = Release|Any CPU
		{F4DB8C7D-439D-4742-A23A-1F2BF79FF6C9}.SingleImage|Any CPU.Build.0 = Release|Any CPU
		{F4DB8C7D-439D-4742-A23A-1F2BF79FF6C9}.SingleImage|x64.ActiveCfg = Release|Any CPU
		{F4DB8C7D-439D-4742-A23A-1F2BF79FF6C9}.SingleImage|x64.Build.0 = Release|Any CPU
		{F4DB8C7D-439D-4742-A23A-1F2BF79FF6C9}.SingleImage|x86.ActiveCfg = Release|Any CPU
		{F4DB8C7D-439D-4742-A23A-1F2BF79FF6C9}.SingleImage|x86.Build.0 = Release|Any CPU
	EndGlobalSection
	GlobalSection(SolutionProperties) = preSolution
		HideSolutionNode = FALSE
	EndGlobalSection
	GlobalSection(NestedProjects) = preSolution
		{C0737C02-3F92-45EC-BBC0-43B737B19648} = {9BD8B92E-338A-49D7-8664-C2C283F76087}
		{9BCAA5DC-64D2-43B0-8A32-110346B52313} = {9BD8B92E-338A-49D7-8664-C2C283F76087}
		{F4DB8C7D-439D-4742-A23A-1F2BF79FF6C9} = {3AA686B3-6EFA-42FF-A7B0-E2A613BC9FB3}
	EndGlobalSection
EndGlobal
