<?xml version="1.0" encoding="utf-8"?>
<Project ToolsVersion="4.0" xmlns="http://schemas.microsoft.com/developer/msbuild/2003">
  <ItemGroup>
    <Filter Include="Source Files">
      <UniqueIdentifier>{4FC737F1-C7A5-4376-A066-2A32D752A2FF}</UniqueIdentifier>
      <Extensions>cpp;c;cc;cxx;def;odl;idl;hpj;bat;asm;asmx</Extensions>
    </Filter>
    <Filter Include="Header Files">
      <UniqueIdentifier>{93995380-89BD-4b04-88EB-625FBE52EBFB}</UniqueIdentifier>
      <Extensions>h;hh;hpp;hxx;hm;inl;inc;xsd</Extensions>
    </Filter>
    <Filter Include="Resource Files">
      <UniqueIdentifier>{67DA6AB6-F800-4c08-8B7A-83BB121AAD01}</UniqueIdentifier>
      <Extensions>rc;ico;cur;bmp;dlg;rc2;rct;bin;rgs;gif;jpg;jpeg;jpe;resx;tiff;tif;png;wav;mfcribbon-ms</Extensions>
    </Filter>
  </ItemGroup>
  <ItemGroup>
    <ClInclude Include="ViewerInterop.h">
      <Filter>Header Files</Filter>
    </ClInclude>
    <ClInclude Include="Stdafx.h">
      <Filter>Header Files</Filter>
    </ClInclude>
    <ClInclude Include="resource.h">
      <Filter>Header Files</Filter>
    </ClInclude>
    <ClInclude Include="InteropUtilities.h">
      <Filter>Header Files</Filter>
    </ClInclude>
    <ClInclude Include="ImpRNode.h">
      <Filter>Header Files</Filter>
    </ClInclude>
    <ClInclude Include="ImpRTransformNode.h">
      <Filter>Header Files</Filter>
    </ClInclude>
    <ClInclude Include="ImpRGeometryNode.h">
      <Filter>Header Files</Filter>
    </ClInclude>
    <ClInclude Include="ObjectFactory.h">
      <Filter>Header Files</Filter>
    </ClInclude>
    <ClInclude Include="WrapperObjects.h">
      <Filter>Header Files</Filter>
    </ClInclude>
    <ClInclude Include="RModelingManagerInterop.h">
      <Filter>Header Files</Filter>
    </ClInclude>
    <ClInclude Include="RMaterialManagerInterop.h">
      <Filter>Header Files</Filter>
    </ClInclude>
    <ClInclude Include="RLightManagerInterop.h">
      <Filter>Header Files</Filter>
    </ClInclude>
    <ClInclude Include="RLightInterop.h">
      <Filter>Header Files</Filter>
    </ClInclude>
    <ClInclude Include="RSelectionManagerInterop.h">
      <Filter>Header Files</Filter>
    </ClInclude>
    <ClInclude Include="RGeomInstanceInterop.h">
      <Filter>Header Files</Filter>
    </ClInclude>
    <ClInclude Include="RGeometryInterop.h">
      <Filter>Header Files</Filter>
    </ClInclude>
  </ItemGroup>
  <ItemGroup>
    <ClCompile Include="ViewerInterop.cpp">
      <Filter>Source Files</Filter>
    </ClCompile>
    <ClCompile Include="AssemblyInfo.cpp">
      <Filter>Source Files</Filter>
    </ClCompile>
    <ClCompile Include="Stdafx.cpp">
      <Filter>Source Files</Filter>
    </ClCompile>
    <ClCompile Include="InteropUtilities.cpp">
      <Filter>Source Files</Filter>
    </ClCompile>
    <ClCompile Include="ImpRNode.cpp">
      <Filter>Source Files</Filter>
    </ClCompile>
    <ClCompile Include="ImpRTransformNode.cpp">
      <Filter>Source Files</Filter>
    </ClCompile>
    <ClCompile Include="ImpRGeometryNode.cpp">
      <Filter>Source Files</Filter>
    </ClCompile>
    <ClCompile Include="ObjectFactory.cpp">
      <Filter>Source Files</Filter>
    </ClCompile>
    <ClCompile Include="WrapperObjects.cpp">
      <Filter>Source Files</Filter>
    </ClCompile>
    <ClCompile Include="RModelingManagerInterop.cpp">
      <Filter>Source Files</Filter>
    </ClCompile>
    <ClCompile Include="RMaterialManagerInterop.cpp">
      <Filter>Source Files</Filter>
    </ClCompile>
    <ClCompile Include="RLightManagerInterop.cpp">
      <Filter>Source Files</Filter>
    </ClCompile>
    <ClCompile Include="RLightInterop.cpp">
      <Filter>Source Files</Filter>
    </ClCompile>
    <ClCompile Include="RSelectionManagerInterop.cpp">
      <Filter>Source Files</Filter>
    </ClCompile>
    <ClCompile Include="RGeomInstanceInterop.cpp">
      <Filter>Source Files</Filter>
    </ClCompile>
    <ClCompile Include="RGeometryInterop.cpp">
      <Filter>Source Files</Filter>
    </ClCompile>
  </ItemGroup>
  <ItemGroup>
    <Text Include="ReadMe.txt" />
  </ItemGroup>
  <ItemGroup>
    <ResourceCompile Include="app.rc">
      <Filter>Resource Files</Filter>
    </ResourceCompile>
  </ItemGroup>
  <ItemGroup>
    <Image Include="app.ico">
      <Filter>Resource Files</Filter>
    </Image>
  </ItemGroup>
</Project>